
Microsoft Visual Studio Solution File, Format Version 12.00
# Visual Studio Version 16
VisualStudioVersion = 16.0.31911.196
MinimumVisualStudioVersion = 10.0.40219.1
Project("{FAE04EC0-301F-11D3-BF4B-00C04F79EFBC}") = "ObserverDesignPattern", "ObserverDesignPattern\ObserverDesignPattern.csproj", "{84D2433A-5C6F-4011-8717-586F65BA1C71}"
EndProject
Global
	GlobalSection(SolutionConfigurationPlatforms) = preSolution
		Debug|Any CPU = Debug|Any CPU
		Release|Any CPU = Release|Any CPU
	EndGlobalSection
	GlobalSection(ProjectConfigurationPlatforms) = postSolution
		{84D2433A-5C6F-4011-8717-586F65BA1C71}.Debug|Any CPU.ActiveCfg = Debug|Any CPU
		{84D2433A-5C6F-4011-8717-586F65BA1C71}.Debug|Any CPU.Build.0 = Debug|Any CPU
		{84D2433A-5C6F-4011-8717-586F65BA1C71}.Release|Any CPU.ActiveCfg = Release|Any CPU
		{84D2433A-5C6F-4011-8717-586F65BA1C71}.Release|Any CPU.Build.0 = Release|Any CPU
	EndGlobalSection
	GlobalSection(SolutionProperties) = preSolution
		HideSolutionNode = FALSE
	EndGlobalSection
	GlobalSection(ExtensibilityGlobals) = postSolution
		SolutionGuid = {10248EE9-E5FF-403B-9888-D60F4D498B62}
	EndGlobalSection
EndGlobal
